
Microsoft Visual Studio Solution File, Format Version 12.00
# Visual Studio Version 17
VisualStudioVersion = 17.6.33829.357
MinimumVisualStudioVersion = 10.0.40219.1
Project("{FAE04EC0-301F-11D3-BF4B-00C04F79EFBC}") = "Server", "Server\Server.csproj", "{3A5F37CB-A930-402A-82AC-549BDF8FC681}"
EndProject
Project("{FAE04EC0-301F-11D3-BF4B-00C04F79EFBC}") = "Client", "Client\Client.csproj", "{64CD0BB6-1E6B-461E-B416-92904D51D85B}"
EndProject
Project("{FAE04EC0-301F-11D3-BF4B-00C04F79EFBC}") = "CommonLibrary", "CommonLibrary\CommonLibrary.csproj", "{60CF7460-64C6-47B4-A887-9F44F2A53943}"
EndProject
Global
	GlobalSection(SolutionConfigurationPlatforms) = preSolution
		Debug|Any CPU = Debug|Any CPU
		Release|Any CPU = Release|Any CPU
	EndGlobalSection
	GlobalSection(ProjectConfigurationPlatforms) = postSolution
		{3A5F37CB-A930-402A-82AC-549BDF8FC681}.Debug|Any CPU.ActiveCfg = Debug|Any CPU
		{3A5F37CB-A930-402A-82AC-549BDF8FC681}.Debug|Any CPU.Build.0 = Debug|Any CPU
		{3A5F37CB-A930-402A-82AC-549BDF8FC681}.Release|Any CPU.ActiveCfg = Release|Any CPU
		{3A5F37CB-A930-402A-82AC-549BDF8FC681}.Release|Any CPU.Build.0 = Release|Any CPU
		{64CD0BB6-1E6B-461E-B416-92904D51D85B}.Debug|Any CPU.ActiveCfg = Debug|Any CPU
		{64CD0BB6-1E6B-461E-B416-92904D51D85B}.Debug|Any CPU.Build.0 = Debug|Any CPU
		{64CD0BB6-1E6B-461E-B416-92904D51D85B}.Release|Any CPU.ActiveCfg = Release|Any CPU
		{64CD0BB6-1E6B-461E-B416-92904D51D85B}.Release|Any CPU.Build.0 = Release|Any CPU
		{60CF7460-64C6-47B4-A887-9F44F2A53943}.Debug|Any CPU.ActiveCfg = Debug|Any CPU
		{60CF7460-64C6-47B4-A887-9F44F2A53943}.Debug|Any CPU.Build.0 = Debug|Any CPU
		{60CF7460-64C6-47B4-A887-9F44F2A53943}.Release|Any CPU.ActiveCfg = Release|Any CPU
		{60CF7460-64C6-47B4-A887-9F44F2A53943}.Release|Any CPU.Build.0 = Release|Any CPU
	EndGlobalSection
	GlobalSection(SolutionProperties) = preSolution
		HideSolutionNode = FALSE
	EndGlobalSection
	GlobalSection(ExtensibilityGlobals) = postSolution
		SolutionGuid = {A14C194A-B0C1-46C5-B30E-8721BE6931CA}
	EndGlobalSection
EndGlobal
